
Microsoft Visual Studio Solution File, Format Version 12.00
# Visual Studio Version 16
VisualStudioVersion = 16.0.29424.173
MinimumVisualStudioVersion = 10.0.40219.1
Project("{FAE04EC0-301F-11D3-BF4B-00C04F79EFBC}") = "MediKal", "MediKal\MediKal.csproj", "{F59DE9F8-62F9-4B94-A3D5-A4D4709810D3}"
EndProject
Project("{FAE04EC0-301F-11D3-BF4B-00C04F79EFBC}") = "BE", "BE\BE.csproj", "{6913D50F-6B54-4BC9-B67F-929071A9EF39}"
EndProject
Project("{FAE04EC0-301F-11D3-BF4B-00C04F79EFBC}") = "BL", "BL\BL.csproj", "{3B564755-10A1-4407-82B6-57C46B3D5FB5}"
EndProject
Project("{FAE04EC0-301F-11D3-BF4B-00C04F79EFBC}") = "DAL", "DAL\DAL.csproj", "{F63D5B62-1FD1-486D-922B-EFEF7A437FAD}"
EndProject
Global
	GlobalSection(SolutionConfigurationPlatforms) = preSolution
		Debug|Any CPU = Debug|Any CPU
		Release|Any CPU = Release|Any CPU
	EndGlobalSection
	GlobalSection(ProjectConfigurationPlatforms) = postSolution
		{F59DE9F8-62F9-4B94-A3D5-A4D4709810D3}.Debug|Any CPU.ActiveCfg = Debug|Any CPU
		{F59DE9F8-62F9-4B94-A3D5-A4D4709810D3}.Debug|Any CPU.Build.0 = Debug|Any CPU
		{F59DE9F8-62F9-4B94-A3D5-A4D4709810D3}.Release|Any CPU.ActiveCfg = Release|Any CPU
		{F59DE9F8-62F9-4B94-A3D5-A4D4709810D3}.Release|Any CPU.Build.0 = Release|Any CPU
		{6913D50F-6B54-4BC9-B67F-929071A9EF39}.Debug|Any CPU.ActiveCfg = Debug|Any CPU
		{6913D50F-6B54-4BC9-B67F-929071A9EF39}.Debug|Any CPU.Build.0 = Debug|Any CPU
		{6913D50F-6B54-4BC9-B67F-929071A9EF39}.Release|Any CPU.ActiveCfg = Release|Any CPU
		{6913D50F-6B54-4BC9-B67F-929071A9EF39}.Release|Any CPU.Build.0 = Release|Any CPU
		{3B564755-10A1-4407-82B6-57C46B3D5FB5}.Debug|Any CPU.ActiveCfg = Debug|Any CPU
		{3B564755-10A1-4407-82B6-57C46B3D5FB5}.Debug|Any CPU.Build.0 = Debug|Any CPU
		{3B564755-10A1-4407-82B6-57C46B3D5FB5}.Release|Any CPU.ActiveCfg = Release|Any CPU
		{3B564755-10A1-4407-82B6-57C46B3D5FB5}.Release|Any CPU.Build.0 = Release|Any CPU
		{F63D5B62-1FD1-486D-922B-EFEF7A437FAD}.Debug|Any CPU.ActiveCfg = Debug|Any CPU
		{F63D5B62-1FD1-486D-922B-EFEF7A437FAD}.Debug|Any CPU.Build.0 = Debug|Any CPU
		{F63D5B62-1FD1-486D-922B-EFEF7A437FAD}.Release|Any CPU.ActiveCfg = Release|Any CPU
		{F63D5B62-1FD1-486D-922B-EFEF7A437FAD}.Release|Any CPU.Build.0 = Release|Any CPU
	EndGlobalSection
	GlobalSection(SolutionProperties) = preSolution
		HideSolutionNode = FALSE
	EndGlobalSection
	GlobalSection(ExtensibilityGlobals) = postSolution
		SolutionGuid = {F5FE7EAD-614C-4219-AB86-844EE2095DA5}
	EndGlobalSection
EndGlobal
